
Microsoft Visual Studio Solution File, Format Version 12.00
# Visual Studio Version 17
VisualStudioVersion = 17.14.36414.22 d17.14
MinimumVisualStudioVersion = 10.0.40219.1
Project("{FAE04EC0-301F-11D3-BF4B-00C04F79EFBC}") = "Time", "Time\Time.csproj", "{78C46465-8CAF-4D28-9537-8D39B45A53B6}"
EndProject
Project("{FAE04EC0-301F-11D3-BF4B-00C04F79EFBC}") = "Time.Tests", "Time.Tests\Time.Tests.csproj", "{BA4676A1-E821-4B87-AA14-36EEA8204F23}"
EndProject
Global
	GlobalSection(SolutionConfigurationPlatforms) = preSolution
		Debug|Any CPU = Debug|Any CPU
		Release|Any CPU = Release|Any CPU
	EndGlobalSection
	GlobalSection(ProjectConfigurationPlatforms) = postSolution
		{78C46465-8CAF-4D28-9537-8D39B45A53B6}.Debug|Any CPU.ActiveCfg = Debug|Any CPU
		{78C46465-8CAF-4D28-9537-8D39B45A53B6}.Debug|Any CPU.Build.0 = Debug|Any CPU
		{78C46465-8CAF-4D28-9537-8D39B45A53B6}.Release|Any CPU.ActiveCfg = Release|Any CPU
		{78C46465-8CAF-4D28-9537-8D39B45A53B6}.Release|Any CPU.Build.0 = Release|Any CPU
		{BA4676A1-E821-4B87-AA14-36EEA8204F23}.Debug|Any CPU.ActiveCfg = Debug|Any CPU
		{BA4676A1-E821-4B87-AA14-36EEA8204F23}.Debug|Any CPU.Build.0 = Debug|Any CPU
		{BA4676A1-E821-4B87-AA14-36EEA8204F23}.Release|Any CPU.ActiveCfg = Release|Any CPU
		{BA4676A1-E821-4B87-AA14-36EEA8204F23}.Release|Any CPU.Build.0 = Release|Any CPU
	EndGlobalSection
	GlobalSection(SolutionProperties) = preSolution
		HideSolutionNode = FALSE
	EndGlobalSection
	GlobalSection(ExtensibilityGlobals) = postSolution
		SolutionGuid = {ED76F0DF-3148-4050-8054-E03116E8A4F3}
	EndGlobalSection
EndGlobal
